
Microsoft Visual Studio Solution File, Format Version 12.00
# Visual Studio Version 16
VisualStudioVersion = 16.0.32106.194
MinimumVisualStudioVersion = 10.0.40219.1
Project("{FAE04EC0-301F-11D3-BF4B-00C04F79EFBC}") = "DevCard", "DevCard\DevCard.csproj", "{2ED29E08-B2BC-4E43-B555-644057FDBF1A}"
EndProject
Global
	GlobalSection(SolutionConfigurationPlatforms) = preSolution
		Debug|Any CPU = Debug|Any CPU
		Release|Any CPU = Release|Any CPU
	EndGlobalSection
	GlobalSection(ProjectConfigurationPlatforms) = postSolution
		{2ED29E08-B2BC-4E43-B555-644057FDBF1A}.Debug|Any CPU.ActiveCfg = Debug|Any CPU
		{2ED29E08-B2BC-4E43-B555-644057FDBF1A}.Debug|Any CPU.Build.0 = Debug|Any CPU
		{2ED29E08-B2BC-4E43-B555-644057FDBF1A}.Release|Any CPU.ActiveCfg = Release|Any CPU
		{2ED29E08-B2BC-4E43-B555-644057FDBF1A}.Release|Any CPU.Build.0 = Release|Any CPU
	EndGlobalSection
	GlobalSection(SolutionProperties) = preSolution
		HideSolutionNode = FALSE
	EndGlobalSection
	GlobalSection(ExtensibilityGlobals) = postSolution
		SolutionGuid = {32FCF3DF-195C-47E3-877E-2E997E87227F}
	EndGlobalSection
EndGlobal
